
Microsoft Visual Studio Solution File, Format Version 12.00
# Visual Studio 15
Project("{FAE04EC0-301F-11D3-BF4B-00C04F79EFBC}") = "Assembly-CSharp", "Assembly-CSharp.csproj", "{C7D96985-0B4F-F6BD-3B7E-9242296D76C1}"
EndProject
Project("{FAE04EC0-301F-11D3-BF4B-00C04F79EFBC}") = "Assembly-CSharp-firstpass", "Assembly-CSharp-firstpass.csproj", "{3ECC7EBA-436F-4243-3612-3734EBB0C27C}"
EndProject
Project("{FAE04EC0-301F-11D3-BF4B-00C04F79EFBC}") = "Assembly-CSharp-Editor", "Assembly-CSharp-Editor.csproj", "{258FEC11-7035-947E-22B9-0C12A3134244}"
EndProject
Global
	GlobalSection(SolutionConfigurationPlatforms) = preSolution
		Debug|Any CPU = Debug|Any CPU
		Release|Any CPU = Release|Any CPU
	EndGlobalSection
	GlobalSection(ProjectConfigurationPlatforms) = postSolution
		{C7D96985-0B4F-F6BD-3B7E-9242296D76C1}.Debug|Any CPU.ActiveCfg = Debug|Any CPU
		{C7D96985-0B4F-F6BD-3B7E-9242296D76C1}.Debug|Any CPU.Build.0 = Debug|Any CPU
		{C7D96985-0B4F-F6BD-3B7E-9242296D76C1}.Release|Any CPU.ActiveCfg = Release|Any CPU
		{C7D96985-0B4F-F6BD-3B7E-9242296D76C1}.Release|Any CPU.Build.0 = Release|Any CPU
		{3ECC7EBA-436F-4243-3612-3734EBB0C27C}.Debug|Any CPU.ActiveCfg = Debug|Any CPU
		{3ECC7EBA-436F-4243-3612-3734EBB0C27C}.Debug|Any CPU.Build.0 = Debug|Any CPU
		{3ECC7EBA-436F-4243-3612-3734EBB0C27C}.Release|Any CPU.ActiveCfg = Release|Any CPU
		{3ECC7EBA-436F-4243-3612-3734EBB0C27C}.Release|Any CPU.Build.0 = Release|Any CPU
		{258FEC11-7035-947E-22B9-0C12A3134244}.Debug|Any CPU.ActiveCfg = Debug|Any CPU
		{258FEC11-7035-947E-22B9-0C12A3134244}.Debug|Any CPU.Build.0 = Debug|Any CPU
		{258FEC11-7035-947E-22B9-0C12A3134244}.Release|Any CPU.ActiveCfg = Release|Any CPU
		{258FEC11-7035-947E-22B9-0C12A3134244}.Release|Any CPU.Build.0 = Release|Any CPU
	EndGlobalSection
	GlobalSection(SolutionProperties) = preSolution
		HideSolutionNode = FALSE
	EndGlobalSection
EndGlobal
